// !$*UTF8*$!
{
	archiveVersion = 1;
	classes = {
	};
	objectVersion = 50;
	objects = {

/* Begin PBXBuildFile section */
		89659CCC22CBB1F300FD37BE /* AppDelegate.swift in Sources */ = {isa = PBXBuildFile; fileRef = 89659CCB22CBB1F300FD37BE /* AppDelegate.swift */; };
		89659CCE22CBB1F300FD37BE /* SceneDelegate.swift in Sources */ = {isa = PBXBuildFile; fileRef = 89659CCD22CBB1F300FD37BE /* SceneDelegate.swift */; };
		89659CD022CBB1F300FD37BE /* ContentView.swift in Sources */ = {isa = PBXBuildFile; fileRef = 89659CCF22CBB1F300FD37BE /* ContentView.swift */; };
		89659CD222CBB1F500FD37BE /* Assets.xcassets in Resources */ = {isa = PBXBuildFile; fileRef = 89659CD122CBB1F500FD37BE /* Assets.xcassets */; };
		89659CD522CBB1F500FD37BE /* Preview Assets.xcassets in Resources */ = {isa = PBXBuildFile; fileRef = 89659CD422CBB1F500FD37BE /* Preview Assets.xcassets */; };
		89659CD822CBB1F500FD37BE /* LaunchScreen.storyboard in Resources */ = {isa = PBXBuildFile; fileRef = 89659CD622CBB1F500FD37BE /* LaunchScreen.storyboard */; };
		89659CE322CBB1F500FD37BE /* LandMarksTests.swift in Sources */ = {isa = PBXBuildFile; fileRef = 89659CE222CBB1F500FD37BE /* LandMarksTests.swift */; };
		89659CEE22CBB69000FD37BE /* CircleImage.swift in Sources */ = {isa = PBXBuildFile; fileRef = 89659CED22CBB69000FD37BE /* CircleImage.swift */; };
		89659CF022CBB81100FD37BE /* MapView.swift in Sources */ = {isa = PBXBuildFile; fileRef = 89659CEF22CBB81100FD37BE /* MapView.swift */; };
/* End PBXBuildFile section */

/* Begin PBXContainerItemProxy section */
		89659CDF22CBB1F500FD37BE /* PBXContainerItemProxy */ = {
			isa = PBXContainerItemProxy;
			containerPortal = 89659CC022CBB1F300FD37BE /* Project object */;
			proxyType = 1;
			remoteGlobalIDString = 89659CC722CBB1F300FD37BE;
			remoteInfo = LandMarks;
		};
/* End PBXContainerItemProxy section */

/* Begin PBXFileReference section */
		89659CC822CBB1F300FD37BE /* LandMarks.app */ = {isa = PBXFileReference; explicitFileType = wrapper.application; includeInIndex = 0; path = LandMarks.app; sourceTree = BUILT_PRODUCTS_DIR; };
		89659CCB22CBB1F300FD37BE /* AppDelegate.swift */ = {isa = PBXFileReference; lastKnownFileType = sourcecode.swift; path = AppDelegate.swift; sourceTree = "<group>"; };
		89659CCD22CBB1F300FD37BE /* SceneDelegate.swift */ = {isa = PBXFileReference; lastKnownFileType = sourcecode.swift; path = SceneDelegate.swift; sourceTree = "<group>"; };
		89659CCF22CBB1F300FD37BE /* ContentView.swift */ = {isa = PBXFileReference; lastKnownFileType = sourcecode.swift; path = ContentView.swift; sourceTree = "<group>"; };
		89659CD122CBB1F500FD37BE /* Assets.xcassets */ = {isa = PBXFileReference; lastKnownFileType = folder.assetcatalog; path = Assets.xcassets; sourceTree = "<group>"; };
		89659CD422CBB1F500FD37BE /* Preview Assets.xcassets */ = {isa = PBXFileReference; lastKnownFileType = folder.assetcatalog; path = "Preview Assets.xcassets"; sourceTree = "<group>"; };
		89659CD722CBB1F500FD37BE /* Base */ = {isa = PBXFileReference; lastKnownFileType = file.storyboard; name = Base; path = Base.lproj/LaunchScreen.storyboard; sourceTree = "<group>"; };
		89659CD922CBB1F500FD37BE /* Info.plist */ = {isa = PBXFileReference; lastKnownFileType = text.plist.xml; path = Info.plist; sourceTree = "<group>"; };
		89659CDE22CBB1F500FD37BE /* LandMarksTests.xctest */ = {isa = PBXFileReference; explicitFileType = wrapper.cfbundle; includeInIndex = 0; path = LandMarksTests.xctest; sourceTree = BUILT_PRODUCTS_DIR; };
		89659CE222CBB1F500FD37BE /* LandMarksTests.swift */ = {isa = PBXFileReference; lastKnownFileType = sourcecode.swift; path = LandMarksTests.swift; sourceTree = "<group>"; };
		89659CE422CBB1F500FD37BE /* Info.plist */ = {isa = PBXFileReference; lastKnownFileType = text.plist.xml; path = Info.plist; sourceTree = "<group>"; };
		89659CED22CBB69000FD37BE /* CircleImage.swift */ = {isa = PBXFileReference; lastKnownFileType = sourcecode.swift; path = CircleImage.swift; sourceTree = "<group>"; };
		89659CEF22CBB81100FD37BE /* MapView.swift */ = {isa = PBXFileReference; lastKnownFileType = sourcecode.swift; path = MapView.swift; sourceTree = "<group>"; };
/* End PBXFileReference section */

/* Begin PBXFrameworksBuildPhase section */
		89659CC522CBB1F300FD37BE /* Frameworks */ = {
			isa = PBXFrameworksBuildPhase;
			buildActionMask = 2147483647;
			files = (
			);
			runOnlyForDeploymentPostprocessing = 0;
		};
		89659CDB22CBB1F500FD37BE /* Frameworks */ = {
			isa = PBXFrameworksBuildPhase;
			buildActionMask = 2147483647;
			files = (
			);
			runOnlyForDeploymentPostprocessing = 0;
		};
/* End PBXFrameworksBuildPhase section */

/* Begin PBXGroup section */
		89659CBF22CBB1F300FD37BE = {
			isa = PBXGroup;
			children = (
				89659CCA22CBB1F300FD37BE /* LandMarks */,
				89659CE122CBB1F500FD37BE /* LandMarksTests */,
				89659CC922CBB1F300FD37BE /* Products */,
			);
			sourceTree = "<group>";
		};
		89659CC922CBB1F300FD37BE /* Products */ = {
			isa = PBXGroup;
			children = (
				89659CC822CBB1F300FD37BE /* LandMarks.app */,
				89659CDE22CBB1F500FD37BE /* LandMarksTests.xctest */,
			);
			name = Products;
			sourceTree = "<group>";
		};
		89659CCA22CBB1F300FD37BE /* LandMarks */ = {
			isa = PBXGroup;
			children = (
				89659CCB22CBB1F300FD37BE /* AppDelegate.swift */,
				89659CCD22CBB1F300FD37BE /* SceneDelegate.swift */,
				89659CCF22CBB1F300FD37BE /* ContentView.swift */,
				89659CD122CBB1F500FD37BE /* Assets.xcassets */,
				89659CD622CBB1F500FD37BE /* LaunchScreen.storyboard */,
				89659CD922CBB1F500FD37BE /* Info.plist */,
				89659CD322CBB1F500FD37BE /* Preview Content */,
				89659CED22CBB69000FD37BE /* CircleImage.swift */,
				89659CEF22CBB81100FD37BE /* MapView.swift */,
			);
			path = LandMarks;
			sourceTree = "<group>";
		};
		89659CD322CBB1F500FD37BE /* Preview Content */ = {
			isa = PBXGroup;
			children = (
				89659CD422CBB1F500FD37BE /* Preview Assets.xcassets */,
			);
			path = "Preview Content";
			sourceTree = "<group>";
		};
		89659CE122CBB1F500FD37BE /* LandMarksTests */ = {
			isa = PBXGroup;
			children = (
				89659CE222CBB1F500FD37BE /* LandMarksTests.swift */,
				89659CE422CBB1F500FD37BE /* Info.plist */,
			);
			path = LandMarksTests;
			sourceTree = "<group>";
		};
/* End PBXGroup section */

/* Begin PBXNativeTarget section */
		89659CC722CBB1F300FD37BE /* LandMarks */ = {
			isa = PBXNativeTarget;
			buildConfigurationList = 89659CE722CBB1F500FD37BE /* Build configuration list for PBXNativeTarget "LandMarks" */;
			buildPhases = (
				89659CC422CBB1F300FD37BE /* Sources */,
				89659CC522CBB1F300FD37BE /* Frameworks */,
				89659CC622CBB1F300FD37BE /* Resources */,
			);
			buildRules = (
			);
			dependencies = (
			);
			name = LandMarks;
			productName = LandMarks;
			productReference = 89659CC822CBB1F300FD37BE /* LandMarks.app */;
			productType = "com.apple.product-type.application";
		};
		89659CDD22CBB1F500FD37BE /* LandMarksTests */ = {
			isa = PBXNativeTarget;
			buildConfigurationList = 89659CEA22CBB1F500FD37BE /* Build configuration list for PBXNativeTarget "LandMarksTests" */;
			buildPhases = (
				89659CDA22CBB1F500FD37BE /* Sources */,
				89659CDB22CBB1F500FD37BE /* Frameworks */,
				89659CDC22CBB1F500FD37BE /* Resources */,
			);
			buildRules = (
			);
			dependencies = (
				89659CE022CBB1F500FD37BE /* PBXTargetDependency */,
			);
			name = LandMarksTests;
			productName = LandMarksTests;
			productReference = 89659CDE22CBB1F500FD37BE /* LandMarksTests.xctest */;
			productType = "com.apple.product-type.bundle.unit-test";
		};
/* End PBXNativeTarget section */

/* Begin PBXProject section */
		89659CC022CBB1F300FD37BE /* Project object */ = {
			isa = PBXProject;
			attributes = {
				LastSwiftUpdateCheck = 1100;
				LastUpgradeCheck = 1100;
				ORGANIZATIONNAME = wonkwh;
				TargetAttributes = {
					89659CC722CBB1F300FD37BE = {
						CreatedOnToolsVersion = 11.0;
					};
					89659CDD22CBB1F500FD37BE = {
						CreatedOnToolsVersion = 11.0;
						TestTargetID = 89659CC722CBB1F300FD37BE;
					};
				};
			};
			buildConfigurationList = 89659CC322CBB1F300FD37BE /* Build configuration list for PBXProject "LandMarks" */;
			compatibilityVersion = "Xcode 9.3";
			developmentRegion = en;
			hasScannedForEncodings = 0;
			knownRegions = (
				en,
				Base,
			);
			mainGroup = 89659CBF22CBB1F300FD37BE;
			productRefGroup = 89659CC922CBB1F300FD37BE /* Products */;
			projectDirPath = "";
			projectRoot = "";
			targets = (
				89659CC722CBB1F300FD37BE /* LandMarks */,
				89659CDD22CBB1F500FD37BE /* LandMarksTests */,
			);
		};
/* End PBXProject section */

/* Begin PBXResourcesBuildPhase section */
		89659CC622CBB1F300FD37BE /* Resources */ = {
			isa = PBXResourcesBuildPhase;
			buildActionMask = 2147483647;
			files = (
				89659CD822CBB1F500FD37BE /* LaunchScreen.storyboard in Resources */,
				89659CD522CBB1F500FD37BE /* Preview Assets.xcassets in Resources */,
				89659CD222CBB1F500FD37BE /* Assets.xcassets in Resources */,
			);
			runOnlyForDeploymentPostprocessing = 0;
		};
		89659CDC22CBB1F500FD37BE /* Resources */ = {
			isa = PBXResourcesBuildPhase;
			buildActionMask = 2147483647;
			files = (
			);
			runOnlyForDeploymentPostprocessing = 0;
		};
/* End PBXResourcesBuildPhase section */

/* Begin PBXSourcesBuildPhase section */
		89659CC422CBB1F300FD37BE /* Sources */ = {
			isa = PBXSourcesBuildPhase;
			buildActionMask = 2147483647;
			files = (
				89659CCC22CBB1F300FD37BE /* AppDelegate.swift in Sources */,
				89659CEE22CBB69000FD37BE /* CircleImage.swift in Sources */,
				89659CF022CBB81100FD37BE /* MapView.swift in Sources */,
				89659CCE22CBB1F300FD37BE /* SceneDelegate.swift in Sources */,
				89659CD022CBB1F300FD37BE /* ContentView.swift in Sources */,
			);
			runOnlyForDeploymentPostprocessing = 0;
		};
		89659CDA22CBB1F500FD37BE /* Sources */ = {
			isa = PBXSourcesBuildPhase;
			buildActionMask = 2147483647;
			files = (
				89659CE322CBB1F500FD37BE /* LandMarksTests.swift in Sources */,
			);
			runOnlyForDeploymentPostprocessing = 0;
		};
/* End PBXSourcesBuildPhase section */

/* Begin PBXTargetDependency section */
		89659CE022CBB1F500FD37BE /* PBXTargetDependency */ = {
			isa = PBXTargetDependency;
			target = 89659CC722CBB1F300FD37BE /* LandMarks */;
			targetProxy = 89659CDF22CBB1F500FD37BE /* PBXContainerItemProxy */;
		};
/* End PBXTargetDependency section */

/* Begin PBXVariantGroup section */
		89659CD622CBB1F500FD37BE /* LaunchScreen.storyboard */ = {
			isa = PBXVariantGroup;
			children = (
				89659CD722CBB1F500FD37BE /* Base */,
			);
			name = LaunchScreen.storyboard;
			sourceTree = "<group>";
		};
/* End PBXVariantGroup section */

/* Begin XCBuildConfiguration section */
		89659CE522CBB1F500FD37BE /* Debug */ = {
			isa = XCBuildConfiguration;
			buildSettings = {
				ALWAYS_SEARCH_USER_PATHS = NO;
				CLANG_ANALYZER_NONNULL = YES;
				CLANG_ANALYZER_NUMBER_OBJECT_CONVERSION = YES_AGGRESSIVE;
				CLANG_CXX_LANGUAGE_STANDARD = "gnu++14";
				CLANG_CXX_LIBRARY = "libc++";
				CLANG_ENABLE_MODULES = YES;
				CLANG_ENABLE_OBJC_ARC = YES;
				CLANG_ENABLE_OBJC_WEAK = YES;
				CLANG_WARN_BLOCK_CAPTURE_AUTORELEASING = YES;
				CLANG_WARN_BOOL_CONVERSION = YES;
				CLANG_WARN_COMMA = YES;
				CLANG_WARN_CONSTANT_CONVERSION = YES;
				CLANG_WARN_DEPRECATED_OBJC_IMPLEMENTATIONS = YES;
				CLANG_WARN_DIRECT_OBJC_ISA_USAGE = YES_ERROR;
				CLANG_WARN_DOCUMENTATION_COMMENTS = YES;
				CLANG_WARN_EMPTY_BODY = YES;
				CLANG_WARN_ENUM_CONVERSION = YES;
				CLANG_WARN_INFINITE_RECURSION = YES;
				CLANG_WARN_INT_CONVERSION = YES;
				CLANG_WARN_NON_LITERAL_NULL_CONVERSION = YES;
				CLANG_WARN_OBJC_IMPLICIT_RETAIN_SELF = YES;
				CLANG_WARN_OBJC_LITERAL_CONVERSION = YES;
				CLANG_WARN_OBJC_ROOT_CLASS = YES_ERROR;
				CLANG_WARN_RANGE_LOOP_ANALYSIS = YES;
				CLANG_WARN_STRICT_PROTOTYPES = YES;
				CLANG_WARN_SUSPICIOUS_MOVE = YES;
				CLANG_WARN_UNGUARDED_AVAILABILITY = YES_AGGRESSIVE;
				CLANG_WARN_UNREACHABLE_CODE = YES;
				CLANG_WARN__DUPLICATE_METHOD_MATCH = YES;
				COPY_PHASE_STRIP = NO;
				DEBUG_INFORMATION_FORMAT = dwarf;
				ENABLE_STRICT_OBJC_MSGSEND = YES;
				ENABLE_TESTABILITY = YES;
				GCC_C_LANGUAGE_STANDARD = gnu11;
				GCC_DYNAMIC_NO_PIC = NO;
				GCC_NO_COMMON_BLOCKS = YES;
				GCC_OPTIMIZATION_LEVEL = 0;
				GCC_PREPROCESSOR_DEFINITIONS = (
					"DEBUG=1",
					"$(inherited)",
				);
				GCC_WARN_64_TO_32_BIT_CONVERSION = YES;
				GCC_WARN_ABOUT_RETURN_TYPE = YES_ERROR;
				GCC_WARN_UNDECLARED_SELECTOR = YES;
				GCC_WARN_UNINITIALIZED_AUTOS = YES_AGGRESSIVE;
				GCC_WARN_UNUSED_FUNCTION = YES;
				GCC_WARN_UNUSED_VARIABLE = YES;
				IPHONEOS_DEPLOYMENT_TARGET = 13.0;
				MTL_ENABLE_DEBUG_INFO = INCLUDE_SOURCE;
				MTL_FAST_MATH = YES;
				ONLY_ACTIVE_ARCH = YES;
				SDKROOT = iphoneos;
				SWIFT_ACTIVE_COMPILATION_CONDITIONS = DEBUG;
				SWIFT_OPTIMIZATION_LEVEL = "-Onone";
			};
			name = Debug;
		};
		89659CE622CBB1F500FD37BE /* Release */ = {
			isa = XCBuildConfiguration;
			buildSettings = {
				ALWAYS_SEARCH_USER_PATHS = NO;
				CLANG_ANALYZER_NONNULL = YES;
				CLANG_ANALYZER_NUMBER_OBJECT_CONVERSION = YES_AGGRESSIVE;
				CLANG_CXX_LANGUAGE_STANDARD = "gnu++14";
				CLANG_CXX_LIBRARY = "libc++";
				CLANG_ENABLE_MODULES = YES;
				CLANG_ENABLE_OBJC_ARC = YES;
				CLANG_ENABLE_OBJC_WEAK = YES;
				CLANG_WARN_BLOCK_CAPTURE_AUTORELEASING = YES;
				CLANG_WARN_BOOL_CONVERSION = YES;
				CLANG_WARN_COMMA = YES;
				CLANG_WARN_CONSTANT_CONVERSION = YES;
				CLANG_WARN_DEPRECATED_OBJC_IMPLEMENTATIONS = YES;
				CLANG_WARN_DIRECT_OBJC_ISA_USAGE = YES_ERROR;
				CLANG_WARN_DOCUMENTATION_COMMENTS = YES;
				CLANG_WARN_EMPTY_BODY = YES;
				CLANG_WARN_ENUM_CONVERSION = YES;
				CLANG_WARN_INFINITE_RECURSION = YES;
				CLANG_WARN_INT_CONVERSION = YES;
				CLANG_WARN_NON_LITERAL_NULL_CONVERSION = YES;
				CLANG_WARN_OBJC_IMPLICIT_RETAIN_SELF = YES;
				CLANG_WARN_OBJC_LITERAL_CONVERSION = YES;
				CLANG_WARN_OBJC_ROOT_CLASS = YES_ERROR;
				CLANG_WARN_RANGE_LOOP_ANALYSIS = YES;
				CLANG_WARN_STRICT_PROTOTYPES = YES;
				CLANG_WARN_SUSPICIOUS_MOVE = YES;
				CLANG_WARN_UNGUARDED_AVAILABILITY = YES_AGGRESSIVE;
				CLANG_WARN_UNREACHABLE_CODE = YES;
				CLANG_WARN__DUPLICATE_METHOD_MATCH = YES;
				COPY_PHASE_STRIP = NO;
				DEBUG_INFORMATION_FORMAT = "dwarf-with-dsym";
				ENABLE_NS_ASSERTIONS = NO;
				ENABLE_STRICT_OBJC_MSGSEND = YES;
				GCC_C_LANGUAGE_STANDARD = gnu11;
				GCC_NO_COMMON_BLOCKS = YES;
				GCC_WARN_64_TO_32_BIT_CONVERSION = YES;
				GCC_WARN_ABOUT_RETURN_TYPE = YES_ERROR;
				GCC_WARN_UNDECLARED_SELECTOR = YES;
				GCC_WARN_UNINITIALIZED_AUTOS = YES_AGGRESSIVE;
				GCC_WARN_UNUSED_FUNCTION = YES;
				GCC_WARN_UNUSED_VARIABLE = YES;
				IPHONEOS_DEPLOYMENT_TARGET = 13.0;
				MTL_ENABLE_DEBUG_INFO = NO;
				MTL_FAST_MATH = YES;
				SDKROOT = iphoneos;
				SWIFT_COMPILATION_MODE = wholemodule;
				SWIFT_OPTIMIZATION_LEVEL = "-O";
				VALIDATE_PRODUCT = YES;
			};
			name = Release;
		};
		89659CE822CBB1F500FD37BE /* Debug */ = {
			isa = XCBuildConfiguration;
			buildSettings = {
				ASSETCATALOG_COMPILER_APPICON_NAME = AppIcon;
				CODE_SIGN_STYLE = Automatic;
				DEVELOPMENT_ASSET_PATHS = "LandMarks/Preview\\ Content";
				DEVELOPMENT_TEAM = AEVQL949E2;
				ENABLE_PREVIEWS = YES;
				INFOPLIST_FILE = LandMarks/Info.plist;
				LD_RUNPATH_SEARCH_PATHS = (
					"$(inherited)",
					"@executable_path/Frameworks",
				);
				PRODUCT_BUNDLE_IDENTIFIER = com.wonkwh.LandMarks;
				PRODUCT_NAME = "$(TARGET_NAME)";
				SWIFT_VERSION = 5.0;
				TARGETED_DEVICE_FAMILY = "1,2";
			};
			name = Debug;
		};
		89659CE922CBB1F500FD37BE /* Release */ = {
			isa = XCBuildConfiguration;
			buildSettings = {
				ASSETCATALOG_COMPILER_APPICON_NAME = AppIcon;
				CODE_SIGN_STYLE = Automatic;
				DEVELOPMENT_ASSET_PATHS = "LandMarks/Preview\\ Content";
				DEVELOPMENT_TEAM = AEVQL949E2;
				ENABLE_PREVIEWS = YES;
				INFOPLIST_FILE = LandMarks/Info.plist;
				LD_RUNPATH_SEARCH_PATHS = (
					"$(inherited)",
					"@executable_path/Frameworks",
				);
				PRODUCT_BUNDLE_IDENTIFIER = com.wonkwh.LandMarks;
				PRODUCT_NAME = "$(TARGET_NAME)";
				SWIFT_VERSION = 5.0;
				TARGETED_DEVICE_FAMILY = "1,2";
			};
			name = Release;
		};
		89659CEB22CBB1F500FD37BE /* Debug */ = {
			isa = XCBuildConfiguration;
			buildSettings = {
				ALWAYS_EMBED_SWIFT_STANDARD_LIBRARIES = YES;
				BUNDLE_LOADER = "$(TEST_HOST)";
				CODE_SIGN_STYLE = Automatic;
				DEVELOPMENT_TEAM = AEVQL949E2;
				INFOPLIST_FILE = LandMarksTests/Info.plist;
				LD_RUNPATH_SEARCH_PATHS = (
					"$(inherited)",
					"@executable_path/Frameworks",
					"@loader_path/Frameworks",
				);
				PRODUCT_BUNDLE_IDENTIFIER = com.wonkwh.LandMarksTests;
				PRODUCT_NAME = "$(TARGET_NAME)";
				SWIFT_VERSION = 5.0;
				TARGETED_DEVICE_FAMILY = "1,2";
				TEST_HOST = "$(BUILT_PRODUCTS_DIR)/LandMarks.app/LandMarks";
			};
			name = Debug;
		};
		89659CEC22CBB1F500FD37BE /* Release */ = {
			isa = XCBuildConfiguration;
			buildSettings = {
				ALWAYS_EMBED_SWIFT_STANDARD_LIBRARIES = YES;
				BUNDLE_LOADER = "$(TEST_HOST)";
				CODE_SIGN_STYLE = Automatic;
				DEVELOPMENT_TEAM = AEVQL949E2;
				INFOPLIST_FILE = LandMarksTests/Info.plist;
				LD_RUNPATH_SEARCH_PATHS = (
					"$(inherited)",
					"@executable_path/Frameworks",
					"@loader_path/Frameworks",
				);
				PRODUCT_BUNDLE_IDENTIFIER = com.wonkwh.LandMarksTests;
				PRODUCT_NAME = "$(TARGET_NAME)";
				SWIFT_VERSION = 5.0;
				TARGETED_DEVICE_FAMILY = "1,2";
				TEST_HOST = "$(BUILT_PRODUCTS_DIR)/LandMarks.app/LandMarks";
			};
			name = Release;
		};
/* End XCBuildConfiguration section */

/* Begin XCConfigurationList section */
		89659CC322CBB1F300FD37BE /* Build configuration list for PBXProject "LandMarks" */ = {
			isa = XCConfigurationList;
			buildConfigurations = (
				89659CE522CBB1F500FD37BE /* Debug */,
				89659CE622CBB1F500FD37BE /* Release */,
			);
			defaultConfigurationIsVisible = 0;
			defaultConfigurationName = Release;
		};
		89659CE722CBB1F500FD37BE /* Build configuration list for PBXNativeTarget "LandMarks" */ = {
			isa = XCConfigurationList;
			buildConfigurations = (
				89659CE822CBB1F500FD37BE /* Debug */,
				89659CE922CBB1F500FD37BE /* Release */,
			);
			defaultConfigurationIsVisible = 0;
			defaultConfigurationName = Release;
		};
		89659CEA22CBB1F500FD37BE /* Build configuration list for PBXNativeTarget "LandMarksTests" */ = {
			isa = XCConfigurationList;
			buildConfigurations = (
				89659CEB22CBB1F500FD37BE /* Debug */,
				89659CEC22CBB1F500FD37BE /* Release */,
			);
			defaultConfigurationIsVisible = 0;
			defaultConfigurationName = Release;
		};
/* End XCConfigurationList section */
	};
	rootObject = 89659CC022CBB1F300FD37BE /* Project object */;
}
