// !$*UTF8*$!
{
	archiveVersion = 1;
	classes = {
	};
	objectVersion = 50;
	objects = {

/* Begin PBXBuildFile section */
		89327755258F78EE008D06C7 /* Color+Codable.swift in Sources */ = {isa = PBXBuildFile; fileRef = 89327754258F78EE008D06C7 /* Color+Codable.swift */; };
		899198DF2589EC6700A7C60B /* ScrumdingerApp.swift in Sources */ = {isa = PBXBuildFile; fileRef = 899198DE2589EC6700A7C60B /* ScrumdingerApp.swift */; };
		899198E12589EC6700A7C60B /* MeetingView.swift in Sources */ = {isa = PBXBuildFile; fileRef = 899198E02589EC6700A7C60B /* MeetingView.swift */; };
		899198E32589EC6800A7C60B /* Assets.xcassets in Resources */ = {isa = PBXBuildFile; fileRef = 899198E22589EC6800A7C60B /* Assets.xcassets */; };
		899198E62589EC6800A7C60B /* Preview Assets.xcassets in Resources */ = {isa = PBXBuildFile; fileRef = 899198E52589EC6800A7C60B /* Preview Assets.xcassets */; };
		899198F12589EC6800A7C60B /* ScrumdingerTests.swift in Sources */ = {isa = PBXBuildFile; fileRef = 899198F02589EC6800A7C60B /* ScrumdingerTests.swift */; };
		899198FC2589EC6900A7C60B /* ScrumdingerUITests.swift in Sources */ = {isa = PBXBuildFile; fileRef = 899198FB2589EC6900A7C60B /* ScrumdingerUITests.swift */; };
		89EDFC062589F70D00955669 /* DailyScrum.swift in Sources */ = {isa = PBXBuildFile; fileRef = 89EDFC052589F70D00955669 /* DailyScrum.swift */; };
		89EDFC0E2589F88100955669 /* CardView.swift in Sources */ = {isa = PBXBuildFile; fileRef = 89EDFC0D2589F88100955669 /* CardView.swift */; };
		89EDFC16258A248A00955669 /* ScrumsView.swift in Sources */ = {isa = PBXBuildFile; fileRef = 89EDFC15258A248A00955669 /* ScrumsView.swift */; };
		89EDFC1E258A294700955669 /* DetailView.swift in Sources */ = {isa = PBXBuildFile; fileRef = 89EDFC1D258A294700955669 /* DetailView.swift */; };
		89EDFC26258A2E2E00955669 /* EditView.swift in Sources */ = {isa = PBXBuildFile; fileRef = 89EDFC25258A2E2E00955669 /* EditView.swift */; };
/* End PBXBuildFile section */

/* Begin PBXContainerItemProxy section */
		899198ED2589EC6800A7C60B /* PBXContainerItemProxy */ = {
			isa = PBXContainerItemProxy;
			containerPortal = 899198D32589EC6700A7C60B /* Project object */;
			proxyType = 1;
			remoteGlobalIDString = 899198DA2589EC6700A7C60B;
			remoteInfo = Scrumdinger;
		};
		899198F82589EC6900A7C60B /* PBXContainerItemProxy */ = {
			isa = PBXContainerItemProxy;
			containerPortal = 899198D32589EC6700A7C60B /* Project object */;
			proxyType = 1;
			remoteGlobalIDString = 899198DA2589EC6700A7C60B;
			remoteInfo = Scrumdinger;
		};
/* End PBXContainerItemProxy section */

/* Begin PBXFileReference section */
		89327754258F78EE008D06C7 /* Color+Codable.swift */ = {isa = PBXFileReference; fileEncoding = 4; lastKnownFileType = sourcecode.swift; path = "Color+Codable.swift"; sourceTree = "<group>"; };
		899198DB2589EC6700A7C60B /* Scrumdinger.app */ = {isa = PBXFileReference; explicitFileType = wrapper.application; includeInIndex = 0; path = Scrumdinger.app; sourceTree = BUILT_PRODUCTS_DIR; };
		899198DE2589EC6700A7C60B /* ScrumdingerApp.swift */ = {isa = PBXFileReference; lastKnownFileType = sourcecode.swift; path = ScrumdingerApp.swift; sourceTree = "<group>"; };
		899198E02589EC6700A7C60B /* MeetingView.swift */ = {isa = PBXFileReference; lastKnownFileType = sourcecode.swift; path = MeetingView.swift; sourceTree = "<group>"; };
		899198E22589EC6800A7C60B /* Assets.xcassets */ = {isa = PBXFileReference; lastKnownFileType = folder.assetcatalog; path = Assets.xcassets; sourceTree = "<group>"; };
		899198E52589EC6800A7C60B /* Preview Assets.xcassets */ = {isa = PBXFileReference; lastKnownFileType = folder.assetcatalog; path = "Preview Assets.xcassets"; sourceTree = "<group>"; };
		899198E72589EC6800A7C60B /* Info.plist */ = {isa = PBXFileReference; lastKnownFileType = text.plist.xml; path = Info.plist; sourceTree = "<group>"; };
		899198EC2589EC6800A7C60B /* ScrumdingerTests.xctest */ = {isa = PBXFileReference; explicitFileType = wrapper.cfbundle; includeInIndex = 0; path = ScrumdingerTests.xctest; sourceTree = BUILT_PRODUCTS_DIR; };
		899198F02589EC6800A7C60B /* ScrumdingerTests.swift */ = {isa = PBXFileReference; lastKnownFileType = sourcecode.swift; path = ScrumdingerTests.swift; sourceTree = "<group>"; };
		899198F22589EC6800A7C60B /* Info.plist */ = {isa = PBXFileReference; lastKnownFileType = text.plist.xml; path = Info.plist; sourceTree = "<group>"; };
		899198F72589EC6900A7C60B /* ScrumdingerUITests.xctest */ = {isa = PBXFileReference; explicitFileType = wrapper.cfbundle; includeInIndex = 0; path = ScrumdingerUITests.xctest; sourceTree = BUILT_PRODUCTS_DIR; };
		899198FB2589EC6900A7C60B /* ScrumdingerUITests.swift */ = {isa = PBXFileReference; lastKnownFileType = sourcecode.swift; path = ScrumdingerUITests.swift; sourceTree = "<group>"; };
		899198FD2589EC6900A7C60B /* Info.plist */ = {isa = PBXFileReference; lastKnownFileType = text.plist.xml; path = Info.plist; sourceTree = "<group>"; };
		89EDFC052589F70D00955669 /* DailyScrum.swift */ = {isa = PBXFileReference; lastKnownFileType = sourcecode.swift; path = DailyScrum.swift; sourceTree = "<group>"; };
		89EDFC0D2589F88100955669 /* CardView.swift */ = {isa = PBXFileReference; lastKnownFileType = sourcecode.swift; path = CardView.swift; sourceTree = "<group>"; };
		89EDFC15258A248A00955669 /* ScrumsView.swift */ = {isa = PBXFileReference; lastKnownFileType = sourcecode.swift; path = ScrumsView.swift; sourceTree = "<group>"; };
		89EDFC1D258A294700955669 /* DetailView.swift */ = {isa = PBXFileReference; lastKnownFileType = sourcecode.swift; path = DetailView.swift; sourceTree = "<group>"; };
		89EDFC25258A2E2E00955669 /* EditView.swift */ = {isa = PBXFileReference; lastKnownFileType = sourcecode.swift; path = EditView.swift; sourceTree = "<group>"; };
/* End PBXFileReference section */

/* Begin PBXFrameworksBuildPhase section */
		899198D82589EC6700A7C60B /* Frameworks */ = {
			isa = PBXFrameworksBuildPhase;
			buildActionMask = 2147483647;
			files = (
			);
			runOnlyForDeploymentPostprocessing = 0;
		};
		899198E92589EC6800A7C60B /* Frameworks */ = {
			isa = PBXFrameworksBuildPhase;
			buildActionMask = 2147483647;
			files = (
			);
			runOnlyForDeploymentPostprocessing = 0;
		};
		899198F42589EC6900A7C60B /* Frameworks */ = {
			isa = PBXFrameworksBuildPhase;
			buildActionMask = 2147483647;
			files = (
			);
			runOnlyForDeploymentPostprocessing = 0;
		};
/* End PBXFrameworksBuildPhase section */

/* Begin PBXGroup section */
		899198D22589EC6700A7C60B = {
			isa = PBXGroup;
			children = (
				899198DD2589EC6700A7C60B /* Scrumdinger */,
				899198EF2589EC6800A7C60B /* ScrumdingerTests */,
				899198FA2589EC6900A7C60B /* ScrumdingerUITests */,
				899198DC2589EC6700A7C60B /* Products */,
			);
			sourceTree = "<group>";
		};
		899198DC2589EC6700A7C60B /* Products */ = {
			isa = PBXGroup;
			children = (
				899198DB2589EC6700A7C60B /* Scrumdinger.app */,
				899198EC2589EC6800A7C60B /* ScrumdingerTests.xctest */,
				899198F72589EC6900A7C60B /* ScrumdingerUITests.xctest */,
			);
			name = Products;
			sourceTree = "<group>";
		};
		899198DD2589EC6700A7C60B /* Scrumdinger */ = {
			isa = PBXGroup;
			children = (
				89EDFC042589F3E200955669 /* Models */,
				899198DE2589EC6700A7C60B /* ScrumdingerApp.swift */,
				89EDFC15258A248A00955669 /* ScrumsView.swift */,
				899198E02589EC6700A7C60B /* MeetingView.swift */,
				89EDFC0D2589F88100955669 /* CardView.swift */,
				89EDFC1D258A294700955669 /* DetailView.swift */,
				89EDFC25258A2E2E00955669 /* EditView.swift */,
				899198E22589EC6800A7C60B /* Assets.xcassets */,
				899198E72589EC6800A7C60B /* Info.plist */,
				899198E42589EC6800A7C60B /* Preview Content */,
			);
			path = Scrumdinger;
			sourceTree = "<group>";
		};
		899198E42589EC6800A7C60B /* Preview Content */ = {
			isa = PBXGroup;
			children = (
				899198E52589EC6800A7C60B /* Preview Assets.xcassets */,
			);
			path = "Preview Content";
			sourceTree = "<group>";
		};
		899198EF2589EC6800A7C60B /* ScrumdingerTests */ = {
			isa = PBXGroup;
			children = (
				899198F02589EC6800A7C60B /* ScrumdingerTests.swift */,
				899198F22589EC6800A7C60B /* Info.plist */,
			);
			path = ScrumdingerTests;
			sourceTree = "<group>";
		};
		899198FA2589EC6900A7C60B /* ScrumdingerUITests */ = {
			isa = PBXGroup;
			children = (
				899198FB2589EC6900A7C60B /* ScrumdingerUITests.swift */,
				899198FD2589EC6900A7C60B /* Info.plist */,
			);
			path = ScrumdingerUITests;
			sourceTree = "<group>";
		};
		89EDFC042589F3E200955669 /* Models */ = {
			isa = PBXGroup;
			children = (
				89327754258F78EE008D06C7 /* Color+Codable.swift */,
				89EDFC052589F70D00955669 /* DailyScrum.swift */,
			);
			path = Models;
			sourceTree = "<group>";
		};
/* End PBXGroup section */

/* Begin PBXNativeTarget section */
		899198DA2589EC6700A7C60B /* Scrumdinger */ = {
			isa = PBXNativeTarget;
			buildConfigurationList = 899199002589EC6900A7C60B /* Build configuration list for PBXNativeTarget "Scrumdinger" */;
			buildPhases = (
				899198D72589EC6700A7C60B /* Sources */,
				899198D82589EC6700A7C60B /* Frameworks */,
				899198D92589EC6700A7C60B /* Resources */,
			);
			buildRules = (
			);
			dependencies = (
			);
			name = Scrumdinger;
			productName = Scrumdinger;
			productReference = 899198DB2589EC6700A7C60B /* Scrumdinger.app */;
			productType = "com.apple.product-type.application";
		};
		899198EB2589EC6800A7C60B /* ScrumdingerTests */ = {
			isa = PBXNativeTarget;
			buildConfigurationList = 899199032589EC6900A7C60B /* Build configuration list for PBXNativeTarget "ScrumdingerTests" */;
			buildPhases = (
				899198E82589EC6800A7C60B /* Sources */,
				899198E92589EC6800A7C60B /* Frameworks */,
				899198EA2589EC6800A7C60B /* Resources */,
			);
			buildRules = (
			);
			dependencies = (
				899198EE2589EC6800A7C60B /* PBXTargetDependency */,
			);
			name = ScrumdingerTests;
			productName = ScrumdingerTests;
			productReference = 899198EC2589EC6800A7C60B /* ScrumdingerTests.xctest */;
			productType = "com.apple.product-type.bundle.unit-test";
		};
		899198F62589EC6900A7C60B /* ScrumdingerUITests */ = {
			isa = PBXNativeTarget;
			buildConfigurationList = 899199062589EC6900A7C60B /* Build configuration list for PBXNativeTarget "ScrumdingerUITests" */;
			buildPhases = (
				899198F32589EC6900A7C60B /* Sources */,
				899198F42589EC6900A7C60B /* Frameworks */,
				899198F52589EC6900A7C60B /* Resources */,
			);
			buildRules = (
			);
			dependencies = (
				899198F92589EC6900A7C60B /* PBXTargetDependency */,
			);
			name = ScrumdingerUITests;
			productName = ScrumdingerUITests;
			productReference = 899198F72589EC6900A7C60B /* ScrumdingerUITests.xctest */;
			productType = "com.apple.product-type.bundle.ui-testing";
		};
/* End PBXNativeTarget section */

/* Begin PBXProject section */
		899198D32589EC6700A7C60B /* Project object */ = {
			isa = PBXProject;
			attributes = {
				LastSwiftUpdateCheck = 1210;
				LastUpgradeCheck = 1210;
				TargetAttributes = {
					899198DA2589EC6700A7C60B = {
						CreatedOnToolsVersion = 12.1;
					};
					899198EB2589EC6800A7C60B = {
						CreatedOnToolsVersion = 12.1;
						TestTargetID = 899198DA2589EC6700A7C60B;
					};
					899198F62589EC6900A7C60B = {
						CreatedOnToolsVersion = 12.1;
						TestTargetID = 899198DA2589EC6700A7C60B;
					};
				};
			};
			buildConfigurationList = 899198D62589EC6700A7C60B /* Build configuration list for PBXProject "Scrumdinger" */;
			compatibilityVersion = "Xcode 9.3";
			developmentRegion = en;
			hasScannedForEncodings = 0;
			knownRegions = (
				en,
				Base,
			);
			mainGroup = 899198D22589EC6700A7C60B;
			productRefGroup = 899198DC2589EC6700A7C60B /* Products */;
			projectDirPath = "";
			projectRoot = "";
			targets = (
				899198DA2589EC6700A7C60B /* Scrumdinger */,
				899198EB2589EC6800A7C60B /* ScrumdingerTests */,
				899198F62589EC6900A7C60B /* ScrumdingerUITests */,
			);
		};
/* End PBXProject section */

/* Begin PBXResourcesBuildPhase section */
		899198D92589EC6700A7C60B /* Resources */ = {
			isa = PBXResourcesBuildPhase;
			buildActionMask = 2147483647;
			files = (
				899198E62589EC6800A7C60B /* Preview Assets.xcassets in Resources */,
				899198E32589EC6800A7C60B /* Assets.xcassets in Resources */,
			);
			runOnlyForDeploymentPostprocessing = 0;
		};
		899198EA2589EC6800A7C60B /* Resources */ = {
			isa = PBXResourcesBuildPhase;
			buildActionMask = 2147483647;
			files = (
			);
			runOnlyForDeploymentPostprocessing = 0;
		};
		899198F52589EC6900A7C60B /* Resources */ = {
			isa = PBXResourcesBuildPhase;
			buildActionMask = 2147483647;
			files = (
			);
			runOnlyForDeploymentPostprocessing = 0;
		};
/* End PBXResourcesBuildPhase section */

/* Begin PBXSourcesBuildPhase section */
		899198D72589EC6700A7C60B /* Sources */ = {
			isa = PBXSourcesBuildPhase;
			buildActionMask = 2147483647;
			files = (
				899198E12589EC6700A7C60B /* MeetingView.swift in Sources */,
				89EDFC1E258A294700955669 /* DetailView.swift in Sources */,
				89327755258F78EE008D06C7 /* Color+Codable.swift in Sources */,
				89EDFC062589F70D00955669 /* DailyScrum.swift in Sources */,
				89EDFC0E2589F88100955669 /* CardView.swift in Sources */,
				89EDFC26258A2E2E00955669 /* EditView.swift in Sources */,
				89EDFC16258A248A00955669 /* ScrumsView.swift in Sources */,
				899198DF2589EC6700A7C60B /* ScrumdingerApp.swift in Sources */,
			);
			runOnlyForDeploymentPostprocessing = 0;
		};
		899198E82589EC6800A7C60B /* Sources */ = {
			isa = PBXSourcesBuildPhase;
			buildActionMask = 2147483647;
			files = (
				899198F12589EC6800A7C60B /* ScrumdingerTests.swift in Sources */,
			);
			runOnlyForDeploymentPostprocessing = 0;
		};
		899198F32589EC6900A7C60B /* Sources */ = {
			isa = PBXSourcesBuildPhase;
			buildActionMask = 2147483647;
			files = (
				899198FC2589EC6900A7C60B /* ScrumdingerUITests.swift in Sources */,
			);
			runOnlyForDeploymentPostprocessing = 0;
		};
/* End PBXSourcesBuildPhase section */

/* Begin PBXTargetDependency section */
		899198EE2589EC6800A7C60B /* PBXTargetDependency */ = {
			isa = PBXTargetDependency;
			target = 899198DA2589EC6700A7C60B /* Scrumdinger */;
			targetProxy = 899198ED2589EC6800A7C60B /* PBXContainerItemProxy */;
		};
		899198F92589EC6900A7C60B /* PBXTargetDependency */ = {
			isa = PBXTargetDependency;
			target = 899198DA2589EC6700A7C60B /* Scrumdinger */;
			targetProxy = 899198F82589EC6900A7C60B /* PBXContainerItemProxy */;
		};
/* End PBXTargetDependency section */

/* Begin XCBuildConfiguration section */
		899198FE2589EC6900A7C60B /* Debug */ = {
			isa = XCBuildConfiguration;
			buildSettings = {
				ALWAYS_SEARCH_USER_PATHS = NO;
				CLANG_ANALYZER_NONNULL = YES;
				CLANG_ANALYZER_NUMBER_OBJECT_CONVERSION = YES_AGGRESSIVE;
				CLANG_CXX_LANGUAGE_STANDARD = "gnu++14";
				CLANG_CXX_LIBRARY = "libc++";
				CLANG_ENABLE_MODULES = YES;
				CLANG_ENABLE_OBJC_ARC = YES;
				CLANG_ENABLE_OBJC_WEAK = YES;
				CLANG_WARN_BLOCK_CAPTURE_AUTORELEASING = YES;
				CLANG_WARN_BOOL_CONVERSION = YES;
				CLANG_WARN_COMMA = YES;
				CLANG_WARN_CONSTANT_CONVERSION = YES;
				CLANG_WARN_DEPRECATED_OBJC_IMPLEMENTATIONS = YES;
				CLANG_WARN_DIRECT_OBJC_ISA_USAGE = YES_ERROR;
				CLANG_WARN_DOCUMENTATION_COMMENTS = YES;
				CLANG_WARN_EMPTY_BODY = YES;
				CLANG_WARN_ENUM_CONVERSION = YES;
				CLANG_WARN_INFINITE_RECURSION = YES;
				CLANG_WARN_INT_CONVERSION = YES;
				CLANG_WARN_NON_LITERAL_NULL_CONVERSION = YES;
				CLANG_WARN_OBJC_IMPLICIT_RETAIN_SELF = YES;
				CLANG_WARN_OBJC_LITERAL_CONVERSION = YES;
				CLANG_WARN_OBJC_ROOT_CLASS = YES_ERROR;
				CLANG_WARN_QUOTED_INCLUDE_IN_FRAMEWORK_HEADER = YES;
				CLANG_WARN_RANGE_LOOP_ANALYSIS = YES;
				CLANG_WARN_STRICT_PROTOTYPES = YES;
				CLANG_WARN_SUSPICIOUS_MOVE = YES;
				CLANG_WARN_UNGUARDED_AVAILABILITY = YES_AGGRESSIVE;
				CLANG_WARN_UNREACHABLE_CODE = YES;
				CLANG_WARN__DUPLICATE_METHOD_MATCH = YES;
				COPY_PHASE_STRIP = NO;
				DEBUG_INFORMATION_FORMAT = dwarf;
				ENABLE_STRICT_OBJC_MSGSEND = YES;
				ENABLE_TESTABILITY = YES;
				GCC_C_LANGUAGE_STANDARD = gnu11;
				GCC_DYNAMIC_NO_PIC = NO;
				GCC_NO_COMMON_BLOCKS = YES;
				GCC_OPTIMIZATION_LEVEL = 0;
				GCC_PREPROCESSOR_DEFINITIONS = (
					"DEBUG=1",
					"$(inherited)",
				);
				GCC_WARN_64_TO_32_BIT_CONVERSION = YES;
				GCC_WARN_ABOUT_RETURN_TYPE = YES_ERROR;
				GCC_WARN_UNDECLARED_SELECTOR = YES;
				GCC_WARN_UNINITIALIZED_AUTOS = YES_AGGRESSIVE;
				GCC_WARN_UNUSED_FUNCTION = YES;
				GCC_WARN_UNUSED_VARIABLE = YES;
				IPHONEOS_DEPLOYMENT_TARGET = 14.1;
				MTL_ENABLE_DEBUG_INFO = INCLUDE_SOURCE;
				MTL_FAST_MATH = YES;
				ONLY_ACTIVE_ARCH = YES;
				SDKROOT = iphoneos;
				SWIFT_ACTIVE_COMPILATION_CONDITIONS = DEBUG;
				SWIFT_OPTIMIZATION_LEVEL = "-Onone";
			};
			name = Debug;
		};
		899198FF2589EC6900A7C60B /* Release */ = {
			isa = XCBuildConfiguration;
			buildSettings = {
				ALWAYS_SEARCH_USER_PATHS = NO;
				CLANG_ANALYZER_NONNULL = YES;
				CLANG_ANALYZER_NUMBER_OBJECT_CONVERSION = YES_AGGRESSIVE;
				CLANG_CXX_LANGUAGE_STANDARD = "gnu++14";
				CLANG_CXX_LIBRARY = "libc++";
				CLANG_ENABLE_MODULES = YES;
				CLANG_ENABLE_OBJC_ARC = YES;
				CLANG_ENABLE_OBJC_WEAK = YES;
				CLANG_WARN_BLOCK_CAPTURE_AUTORELEASING = YES;
				CLANG_WARN_BOOL_CONVERSION = YES;
				CLANG_WARN_COMMA = YES;
				CLANG_WARN_CONSTANT_CONVERSION = YES;
				CLANG_WARN_DEPRECATED_OBJC_IMPLEMENTATIONS = YES;
				CLANG_WARN_DIRECT_OBJC_ISA_USAGE = YES_ERROR;
				CLANG_WARN_DOCUMENTATION_COMMENTS = YES;
				CLANG_WARN_EMPTY_BODY = YES;
				CLANG_WARN_ENUM_CONVERSION = YES;
				CLANG_WARN_INFINITE_RECURSION = YES;
				CLANG_WARN_INT_CONVERSION = YES;
				CLANG_WARN_NON_LITERAL_NULL_CONVERSION = YES;
				CLANG_WARN_OBJC_IMPLICIT_RETAIN_SELF = YES;
				CLANG_WARN_OBJC_LITERAL_CONVERSION = YES;
				CLANG_WARN_OBJC_ROOT_CLASS = YES_ERROR;
				CLANG_WARN_QUOTED_INCLUDE_IN_FRAMEWORK_HEADER = YES;
				CLANG_WARN_RANGE_LOOP_ANALYSIS = YES;
				CLANG_WARN_STRICT_PROTOTYPES = YES;
				CLANG_WARN_SUSPICIOUS_MOVE = YES;
				CLANG_WARN_UNGUARDED_AVAILABILITY = YES_AGGRESSIVE;
				CLANG_WARN_UNREACHABLE_CODE = YES;
				CLANG_WARN__DUPLICATE_METHOD_MATCH = YES;
				COPY_PHASE_STRIP = NO;
				DEBUG_INFORMATION_FORMAT = "dwarf-with-dsym";
				ENABLE_NS_ASSERTIONS = NO;
				ENABLE_STRICT_OBJC_MSGSEND = YES;
				GCC_C_LANGUAGE_STANDARD = gnu11;
				GCC_NO_COMMON_BLOCKS = YES;
				GCC_WARN_64_TO_32_BIT_CONVERSION = YES;
				GCC_WARN_ABOUT_RETURN_TYPE = YES_ERROR;
				GCC_WARN_UNDECLARED_SELECTOR = YES;
				GCC_WARN_UNINITIALIZED_AUTOS = YES_AGGRESSIVE;
				GCC_WARN_UNUSED_FUNCTION = YES;
				GCC_WARN_UNUSED_VARIABLE = YES;
				IPHONEOS_DEPLOYMENT_TARGET = 14.1;
				MTL_ENABLE_DEBUG_INFO = NO;
				MTL_FAST_MATH = YES;
				SDKROOT = iphoneos;
				SWIFT_COMPILATION_MODE = wholemodule;
				SWIFT_OPTIMIZATION_LEVEL = "-O";
				VALIDATE_PRODUCT = YES;
			};
			name = Release;
		};
		899199012589EC6900A7C60B /* Debug */ = {
			isa = XCBuildConfiguration;
			buildSettings = {
				ASSETCATALOG_COMPILER_APPICON_NAME = AppIcon;
				ASSETCATALOG_COMPILER_GLOBAL_ACCENT_COLOR_NAME = AccentColor;
				CODE_SIGN_STYLE = Automatic;
				DEVELOPMENT_ASSET_PATHS = "\"Scrumdinger/Preview Content\"";
				DEVELOPMENT_TEAM = AEVQL949E2;
				ENABLE_PREVIEWS = YES;
				INFOPLIST_FILE = Scrumdinger/Info.plist;
				IPHONEOS_DEPLOYMENT_TARGET = 14.0;
				LD_RUNPATH_SEARCH_PATHS = (
					"$(inherited)",
					"@executable_path/Frameworks",
				);
				PRODUCT_BUNDLE_IDENTIFIER = com.wonkwh.Scrumdinger;
				PRODUCT_NAME = "$(TARGET_NAME)";
				SWIFT_VERSION = 5.0;
				TARGETED_DEVICE_FAMILY = "1,2";
			};
			name = Debug;
		};
		899199022589EC6900A7C60B /* Release */ = {
			isa = XCBuildConfiguration;
			buildSettings = {
				ASSETCATALOG_COMPILER_APPICON_NAME = AppIcon;
				ASSETCATALOG_COMPILER_GLOBAL_ACCENT_COLOR_NAME = AccentColor;
				CODE_SIGN_STYLE = Automatic;
				DEVELOPMENT_ASSET_PATHS = "\"Scrumdinger/Preview Content\"";
				DEVELOPMENT_TEAM = AEVQL949E2;
				ENABLE_PREVIEWS = YES;
				INFOPLIST_FILE = Scrumdinger/Info.plist;
				IPHONEOS_DEPLOYMENT_TARGET = 14.0;
				LD_RUNPATH_SEARCH_PATHS = (
					"$(inherited)",
					"@executable_path/Frameworks",
				);
				PRODUCT_BUNDLE_IDENTIFIER = com.wonkwh.Scrumdinger;
				PRODUCT_NAME = "$(TARGET_NAME)";
				SWIFT_VERSION = 5.0;
				TARGETED_DEVICE_FAMILY = "1,2";
			};
			name = Release;
		};
		899199042589EC6900A7C60B /* Debug */ = {
			isa = XCBuildConfiguration;
			buildSettings = {
				ALWAYS_EMBED_SWIFT_STANDARD_LIBRARIES = YES;
				BUNDLE_LOADER = "$(TEST_HOST)";
				CODE_SIGN_STYLE = Automatic;
				DEVELOPMENT_TEAM = AEVQL949E2;
				INFOPLIST_FILE = ScrumdingerTests/Info.plist;
				IPHONEOS_DEPLOYMENT_TARGET = 14.0;
				LD_RUNPATH_SEARCH_PATHS = (
					"$(inherited)",
					"@executable_path/Frameworks",
					"@loader_path/Frameworks",
				);
				PRODUCT_BUNDLE_IDENTIFIER = com.wonkwh.ScrumdingerTests;
				PRODUCT_NAME = "$(TARGET_NAME)";
				SWIFT_VERSION = 5.0;
				TARGETED_DEVICE_FAMILY = "1,2";
				TEST_HOST = "$(BUILT_PRODUCTS_DIR)/Scrumdinger.app/Scrumdinger";
			};
			name = Debug;
		};
		899199052589EC6900A7C60B /* Release */ = {
			isa = XCBuildConfiguration;
			buildSettings = {
				ALWAYS_EMBED_SWIFT_STANDARD_LIBRARIES = YES;
				BUNDLE_LOADER = "$(TEST_HOST)";
				CODE_SIGN_STYLE = Automatic;
				DEVELOPMENT_TEAM = AEVQL949E2;
				INFOPLIST_FILE = ScrumdingerTests/Info.plist;
				IPHONEOS_DEPLOYMENT_TARGET = 14.0;
				LD_RUNPATH_SEARCH_PATHS = (
					"$(inherited)",
					"@executable_path/Frameworks",
					"@loader_path/Frameworks",
				);
				PRODUCT_BUNDLE_IDENTIFIER = com.wonkwh.ScrumdingerTests;
				PRODUCT_NAME = "$(TARGET_NAME)";
				SWIFT_VERSION = 5.0;
				TARGETED_DEVICE_FAMILY = "1,2";
				TEST_HOST = "$(BUILT_PRODUCTS_DIR)/Scrumdinger.app/Scrumdinger";
			};
			name = Release;
		};
		899199072589EC6900A7C60B /* Debug */ = {
			isa = XCBuildConfiguration;
			buildSettings = {
				ALWAYS_EMBED_SWIFT_STANDARD_LIBRARIES = YES;
				CODE_SIGN_STYLE = Automatic;
				DEVELOPMENT_TEAM = AEVQL949E2;
				INFOPLIST_FILE = ScrumdingerUITests/Info.plist;
				LD_RUNPATH_SEARCH_PATHS = (
					"$(inherited)",
					"@executable_path/Frameworks",
					"@loader_path/Frameworks",
				);
				PRODUCT_BUNDLE_IDENTIFIER = com.wonkwh.ScrumdingerUITests;
				PRODUCT_NAME = "$(TARGET_NAME)";
				SWIFT_VERSION = 5.0;
				TARGETED_DEVICE_FAMILY = "1,2";
				TEST_TARGET_NAME = Scrumdinger;
			};
			name = Debug;
		};
		899199082589EC6900A7C60B /* Release */ = {
			isa = XCBuildConfiguration;
			buildSettings = {
				ALWAYS_EMBED_SWIFT_STANDARD_LIBRARIES = YES;
				CODE_SIGN_STYLE = Automatic;
				DEVELOPMENT_TEAM = AEVQL949E2;
				INFOPLIST_FILE = ScrumdingerUITests/Info.plist;
				LD_RUNPATH_SEARCH_PATHS = (
					"$(inherited)",
					"@executable_path/Frameworks",
					"@loader_path/Frameworks",
				);
				PRODUCT_BUNDLE_IDENTIFIER = com.wonkwh.ScrumdingerUITests;
				PRODUCT_NAME = "$(TARGET_NAME)";
				SWIFT_VERSION = 5.0;
				TARGETED_DEVICE_FAMILY = "1,2";
				TEST_TARGET_NAME = Scrumdinger;
			};
			name = Release;
		};
/* End XCBuildConfiguration section */

/* Begin XCConfigurationList section */
		899198D62589EC6700A7C60B /* Build configuration list for PBXProject "Scrumdinger" */ = {
			isa = XCConfigurationList;
			buildConfigurations = (
				899198FE2589EC6900A7C60B /* Debug */,
				899198FF2589EC6900A7C60B /* Release */,
			);
			defaultConfigurationIsVisible = 0;
			defaultConfigurationName = Release;
		};
		899199002589EC6900A7C60B /* Build configuration list for PBXNativeTarget "Scrumdinger" */ = {
			isa = XCConfigurationList;
			buildConfigurations = (
				899199012589EC6900A7C60B /* Debug */,
				899199022589EC6900A7C60B /* Release */,
			);
			defaultConfigurationIsVisible = 0;
			defaultConfigurationName = Release;
		};
		899199032589EC6900A7C60B /* Build configuration list for PBXNativeTarget "ScrumdingerTests" */ = {
			isa = XCConfigurationList;
			buildConfigurations = (
				899199042589EC6900A7C60B /* Debug */,
				899199052589EC6900A7C60B /* Release */,
			);
			defaultConfigurationIsVisible = 0;
			defaultConfigurationName = Release;
		};
		899199062589EC6900A7C60B /* Build configuration list for PBXNativeTarget "ScrumdingerUITests" */ = {
			isa = XCConfigurationList;
			buildConfigurations = (
				899199072589EC6900A7C60B /* Debug */,
				899199082589EC6900A7C60B /* Release */,
			);
			defaultConfigurationIsVisible = 0;
			defaultConfigurationName = Release;
		};
/* End XCConfigurationList section */
	};
	rootObject = 899198D32589EC6700A7C60B /* Project object */;
}
